// !$*UTF8*$!
{
	archiveVersion = 1;
	classes = {
	};
	objectVersion = 56;
	objects = {

/* Begin PBXBuildFile section */
		EB2049BE2A29954F006F816C /* BrainMathApp.swift in Sources */ = {isa = PBXBuildFile; fileRef = EB2049BD2A29954F006F816C /* BrainMathApp.swift */; };
		EB2049C02A29954F006F816C /* HomeView.swift in Sources */ = {isa = PBXBuildFile; fileRef = EB2049BF2A29954F006F816C /* HomeView.swift */; };
		EB2049C22A299551006F816C /* Assets.xcassets in Resources */ = {isa = PBXBuildFile; fileRef = EB2049C12A299551006F816C /* Assets.xcassets */; };
		EB2049C52A299551006F816C /* Preview Assets.xcassets in Resources */ = {isa = PBXBuildFile; fileRef = EB2049C42A299551006F816C /* Preview Assets.xcassets */; };
		EB49338F2A61CD4C00D692BA /* DisplayQuestionView.swift in Sources */ = {isa = PBXBuildFile; fileRef = EB49338E2A61CD4C00D692BA /* DisplayQuestionView.swift */; };
		EB4933912A61D0FA00D692BA /* AnswerInputView.swift in Sources */ = {isa = PBXBuildFile; fileRef = EB4933902A61D0FA00D692BA /* AnswerInputView.swift */; };
		EB4933942A61D27800D692BA /* SkipBtnView.swift in Sources */ = {isa = PBXBuildFile; fileRef = EB4933932A61D27800D692BA /* SkipBtnView.swift */; };
		EB4933962A61D31400D692BA /* GridRowView.swift in Sources */ = {isa = PBXBuildFile; fileRef = EB4933952A61D31400D692BA /* GridRowView.swift */; };
		EB4933982A61D41100D692BA /* GridRowVariantView.swift in Sources */ = {isa = PBXBuildFile; fileRef = EB4933972A61D41100D692BA /* GridRowVariantView.swift */; };
		EB49339B2A61D4EC00D692BA /* KeyboardView.swift in Sources */ = {isa = PBXBuildFile; fileRef = EB49339A2A61D4EC00D692BA /* KeyboardView.swift */; };
		EB4A01402A60855200B69254 /* MathQuestion.swift in Sources */ = {isa = PBXBuildFile; fileRef = EB4A013F2A60855200B69254 /* MathQuestion.swift */; };
		EB5795272A7F14E6004CED30 /* BugsTrackList.swift in Sources */ = {isa = PBXBuildFile; fileRef = EB5795262A7F14E6004CED30 /* BugsTrackList.swift */; };
		EB9AE0BF2A79E62D0034FDA9 /* SettingComponentView.swift in Sources */ = {isa = PBXBuildFile; fileRef = EB9AE0BE2A79E62D0034FDA9 /* SettingComponentView.swift */; };
		EBB536722A31475800902BB1 /* CustomColor.swift in Sources */ = {isa = PBXBuildFile; fileRef = EBB536712A31475800902BB1 /* CustomColor.swift */; };
		EBB536752A31477100902BB1 /* TabViewHelper.swift in Sources */ = {isa = PBXBuildFile; fileRef = EBB536742A31477100902BB1 /* TabViewHelper.swift */; };
		EBB536782A31524200902BB1 /* UICustomColor.swift in Sources */ = {isa = PBXBuildFile; fileRef = EBB536772A31524200902BB1 /* UICustomColor.swift */; };
		EBC171D62A2C127C00B071D4 /* TrainView.swift in Sources */ = {isa = PBXBuildFile; fileRef = EBC171D52A2C127C00B071D4 /* TrainView.swift */; };
		EBC171D82A2C129500B071D4 /* QuestView.swift in Sources */ = {isa = PBXBuildFile; fileRef = EBC171D72A2C129500B071D4 /* QuestView.swift */; };
		EBC171DA2A2C12A400B071D4 /* SettingView.swift in Sources */ = {isa = PBXBuildFile; fileRef = EBC171D92A2C12A400B071D4 /* SettingView.swift */; };
		EBCBBF332A3524FB00DCFDAA /* QuestionSettings.swift in Sources */ = {isa = PBXBuildFile; fileRef = EBCBBF322A3524FB00DCFDAA /* QuestionSettings.swift */; };
/* End PBXBuildFile section */

/* Begin PBXFileReference section */
		EB2049BA2A29954F006F816C /* BrainMath.app */ = {isa = PBXFileReference; explicitFileType = wrapper.application; includeInIndex = 0; path = BrainMath.app; sourceTree = BUILT_PRODUCTS_DIR; };
		EB2049BD2A29954F006F816C /* BrainMathApp.swift */ = {isa = PBXFileReference; lastKnownFileType = sourcecode.swift; path = BrainMathApp.swift; sourceTree = "<group>"; };
		EB2049BF2A29954F006F816C /* HomeView.swift */ = {isa = PBXFileReference; lastKnownFileType = sourcecode.swift; path = HomeView.swift; sourceTree = "<group>"; };
		EB2049C12A299551006F816C /* Assets.xcassets */ = {isa = PBXFileReference; lastKnownFileType = folder.assetcatalog; path = Assets.xcassets; sourceTree = "<group>"; };
		EB2049C42A299551006F816C /* Preview Assets.xcassets */ = {isa = PBXFileReference; lastKnownFileType = folder.assetcatalog; path = "Preview Assets.xcassets"; sourceTree = "<group>"; };
		EB49338E2A61CD4C00D692BA /* DisplayQuestionView.swift */ = {isa = PBXFileReference; lastKnownFileType = sourcecode.swift; path = DisplayQuestionView.swift; sourceTree = "<group>"; };
		EB4933902A61D0FA00D692BA /* AnswerInputView.swift */ = {isa = PBXFileReference; lastKnownFileType = sourcecode.swift; path = AnswerInputView.swift; sourceTree = "<group>"; };
		EB4933932A61D27800D692BA /* SkipBtnView.swift */ = {isa = PBXFileReference; lastKnownFileType = sourcecode.swift; path = SkipBtnView.swift; sourceTree = "<group>"; };
		EB4933952A61D31400D692BA /* GridRowView.swift */ = {isa = PBXFileReference; lastKnownFileType = sourcecode.swift; path = GridRowView.swift; sourceTree = "<group>"; };
		EB4933972A61D41100D692BA /* GridRowVariantView.swift */ = {isa = PBXFileReference; lastKnownFileType = sourcecode.swift; path = GridRowVariantView.swift; sourceTree = "<group>"; };
		EB49339A2A61D4EC00D692BA /* KeyboardView.swift */ = {isa = PBXFileReference; lastKnownFileType = sourcecode.swift; path = KeyboardView.swift; sourceTree = "<group>"; };
		EB4A013F2A60855200B69254 /* MathQuestion.swift */ = {isa = PBXFileReference; lastKnownFileType = sourcecode.swift; path = MathQuestion.swift; sourceTree = "<group>"; };
		EB5795262A7F14E6004CED30 /* BugsTrackList.swift */ = {isa = PBXFileReference; lastKnownFileType = sourcecode.swift; path = BugsTrackList.swift; sourceTree = "<group>"; };
		EB9AE0BE2A79E62D0034FDA9 /* SettingComponentView.swift */ = {isa = PBXFileReference; lastKnownFileType = sourcecode.swift; path = SettingComponentView.swift; sourceTree = "<group>"; };
		EBB536712A31475800902BB1 /* CustomColor.swift */ = {isa = PBXFileReference; lastKnownFileType = sourcecode.swift; path = CustomColor.swift; sourceTree = "<group>"; };
		EBB536742A31477100902BB1 /* TabViewHelper.swift */ = {isa = PBXFileReference; lastKnownFileType = sourcecode.swift; path = TabViewHelper.swift; sourceTree = "<group>"; };
		EBB536772A31524200902BB1 /* UICustomColor.swift */ = {isa = PBXFileReference; lastKnownFileType = sourcecode.swift; path = UICustomColor.swift; sourceTree = "<group>"; };
		EBC171D52A2C127C00B071D4 /* TrainView.swift */ = {isa = PBXFileReference; lastKnownFileType = sourcecode.swift; path = TrainView.swift; sourceTree = "<group>"; };
		EBC171D72A2C129500B071D4 /* QuestView.swift */ = {isa = PBXFileReference; lastKnownFileType = sourcecode.swift; path = QuestView.swift; sourceTree = "<group>"; };
		EBC171D92A2C12A400B071D4 /* SettingView.swift */ = {isa = PBXFileReference; lastKnownFileType = sourcecode.swift; path = SettingView.swift; sourceTree = "<group>"; };
		EBCBBF322A3524FB00DCFDAA /* QuestionSettings.swift */ = {isa = PBXFileReference; lastKnownFileType = sourcecode.swift; path = QuestionSettings.swift; sourceTree = "<group>"; };
/* End PBXFileReference section */

/* Begin PBXFrameworksBuildPhase section */
		EB2049B72A29954F006F816C /* Frameworks */ = {
			isa = PBXFrameworksBuildPhase;
			buildActionMask = 2147483647;
			files = (
			);
			runOnlyForDeploymentPostprocessing = 0;
		};
/* End PBXFrameworksBuildPhase section */

/* Begin PBXGroup section */
		EB2049B12A29954F006F816C = {
			isa = PBXGroup;
			children = (
				EB2049BC2A29954F006F816C /* BrainMath */,
				EB2049BB2A29954F006F816C /* Products */,
			);
			sourceTree = "<group>";
		};
		EB2049BB2A29954F006F816C /* Products */ = {
			isa = PBXGroup;
			children = (
				EB2049BA2A29954F006F816C /* BrainMath.app */,
			);
			name = Products;
			sourceTree = "<group>";
		};
		EB2049BC2A29954F006F816C /* BrainMath */ = {
			isa = PBXGroup;
			children = (
				EBCBBF312A3524D200DCFDAA /* Models */,
				EBB536732A31476000902BB1 /* Helpers */,
				EBB536702A31472B00902BB1 /* Assets */,
				EBC171D42A2C0EB300B071D4 /* Views */,
				EB2049BD2A29954F006F816C /* BrainMathApp.swift */,
				EB2049C12A299551006F816C /* Assets.xcassets */,
				EB2049C32A299551006F816C /* Preview Content */,
				EB5795262A7F14E6004CED30 /* BugsTrackList.swift */,
			);
			path = BrainMath;
			sourceTree = "<group>";
		};
		EB2049C32A299551006F816C /* Preview Content */ = {
			isa = PBXGroup;
			children = (
				EB2049C42A299551006F816C /* Preview Assets.xcassets */,
			);
			path = "Preview Content";
			sourceTree = "<group>";
		};
		EB4933922A61D21600D692BA /* TrainSubViews */ = {
			isa = PBXGroup;
			children = (
				EB49338E2A61CD4C00D692BA /* DisplayQuestionView.swift */,
				EB4933902A61D0FA00D692BA /* AnswerInputView.swift */,
				EB4933932A61D27800D692BA /* SkipBtnView.swift */,
				EB4933952A61D31400D692BA /* GridRowView.swift */,
				EB4933972A61D41100D692BA /* GridRowVariantView.swift */,
				EB49339A2A61D4EC00D692BA /* KeyboardView.swift */,
			);
			path = TrainSubViews;
			sourceTree = "<group>";
		};
		EB9AE0BD2A79E5970034FDA9 /* SettingSubViews */ = {
			isa = PBXGroup;
			children = (
				EB9AE0BE2A79E62D0034FDA9 /* SettingComponentView.swift */,
			);
			path = SettingSubViews;
			sourceTree = "<group>";
		};
		EBB536702A31472B00902BB1 /* Assets */ = {
			isa = PBXGroup;
			children = (
				EBB536712A31475800902BB1 /* CustomColor.swift */,
				EBB536772A31524200902BB1 /* UICustomColor.swift */,
			);
			path = Assets;
			sourceTree = "<group>";
		};
		EBB536732A31476000902BB1 /* Helpers */ = {
			isa = PBXGroup;
			children = (
				EBB536742A31477100902BB1 /* TabViewHelper.swift */,
			);
			path = Helpers;
			sourceTree = "<group>";
		};
		EBC171D42A2C0EB300B071D4 /* Views */ = {
			isa = PBXGroup;
			children = (
				EB9AE0BD2A79E5970034FDA9 /* SettingSubViews */,
				EB4933922A61D21600D692BA /* TrainSubViews */,
				EB2049BF2A29954F006F816C /* HomeView.swift */,
				EBC171D52A2C127C00B071D4 /* TrainView.swift */,
				EBC171D72A2C129500B071D4 /* QuestView.swift */,
				EBC171D92A2C12A400B071D4 /* SettingView.swift */,
			);
			path = Views;
			sourceTree = "<group>";
		};
		EBCBBF312A3524D200DCFDAA /* Models */ = {
			isa = PBXGroup;
			children = (
				EBCBBF322A3524FB00DCFDAA /* QuestionSettings.swift */,
				EB4A013F2A60855200B69254 /* MathQuestion.swift */,
			);
			path = Models;
			sourceTree = "<group>";
		};
/* End PBXGroup section */

/* Begin PBXNativeTarget section */
		EB2049B92A29954F006F816C /* BrainMath */ = {
			isa = PBXNativeTarget;
			buildConfigurationList = EB2049C82A299551006F816C /* Build configuration list for PBXNativeTarget "BrainMath" */;
			buildPhases = (
				EB2049B62A29954F006F816C /* Sources */,
				EB2049B72A29954F006F816C /* Frameworks */,
				EB2049B82A29954F006F816C /* Resources */,
			);
			buildRules = (
			);
			dependencies = (
			);
			name = BrainMath;
			productName = BrainMath;
			productReference = EB2049BA2A29954F006F816C /* BrainMath.app */;
			productType = "com.apple.product-type.application";
		};
/* End PBXNativeTarget section */

/* Begin PBXProject section */
		EB2049B22A29954F006F816C /* Project object */ = {
			isa = PBXProject;
			attributes = {
				BuildIndependentTargetsInParallel = 1;
				LastSwiftUpdateCheck = 1430;
				LastUpgradeCheck = 1430;
				TargetAttributes = {
					EB2049B92A29954F006F816C = {
						CreatedOnToolsVersion = 14.3;
					};
				};
			};
			buildConfigurationList = EB2049B52A29954F006F816C /* Build configuration list for PBXProject "BrainMath" */;
			compatibilityVersion = "Xcode 14.0";
			developmentRegion = en;
			hasScannedForEncodings = 0;
			knownRegions = (
				en,
				Base,
			);
			mainGroup = EB2049B12A29954F006F816C;
			productRefGroup = EB2049BB2A29954F006F816C /* Products */;
			projectDirPath = "";
			projectRoot = "";
			targets = (
				EB2049B92A29954F006F816C /* BrainMath */,
			);
		};
/* End PBXProject section */

/* Begin PBXResourcesBuildPhase section */
		EB2049B82A29954F006F816C /* Resources */ = {
			isa = PBXResourcesBuildPhase;
			buildActionMask = 2147483647;
			files = (
				EB2049C52A299551006F816C /* Preview Assets.xcassets in Resources */,
				EB2049C22A299551006F816C /* Assets.xcassets in Resources */,
			);
			runOnlyForDeploymentPostprocessing = 0;
		};
/* End PBXResourcesBuildPhase section */

/* Begin PBXSourcesBuildPhase section */
		EB2049B62A29954F006F816C /* Sources */ = {
			isa = PBXSourcesBuildPhase;
			buildActionMask = 2147483647;
			files = (
				EBB536752A31477100902BB1 /* TabViewHelper.swift in Sources */,
				EB4933982A61D41100D692BA /* GridRowVariantView.swift in Sources */,
				EB2049C02A29954F006F816C /* HomeView.swift in Sources */,
				EBC171DA2A2C12A400B071D4 /* SettingView.swift in Sources */,
				EBB536722A31475800902BB1 /* CustomColor.swift in Sources */,
				EBC171D62A2C127C00B071D4 /* TrainView.swift in Sources */,
				EB49338F2A61CD4C00D692BA /* DisplayQuestionView.swift in Sources */,
				EB2049BE2A29954F006F816C /* BrainMathApp.swift in Sources */,
				EBCBBF332A3524FB00DCFDAA /* QuestionSettings.swift in Sources */,
				EB4933962A61D31400D692BA /* GridRowView.swift in Sources */,
				EBB536782A31524200902BB1 /* UICustomColor.swift in Sources */,
				EB4A01402A60855200B69254 /* MathQuestion.swift in Sources */,
				EBC171D82A2C129500B071D4 /* QuestView.swift in Sources */,
				EB49339B2A61D4EC00D692BA /* KeyboardView.swift in Sources */,
				EB5795272A7F14E6004CED30 /* BugsTrackList.swift in Sources */,
				EB4933942A61D27800D692BA /* SkipBtnView.swift in Sources */,
				EB9AE0BF2A79E62D0034FDA9 /* SettingComponentView.swift in Sources */,
				EB4933912A61D0FA00D692BA /* AnswerInputView.swift in Sources */,
			);
			runOnlyForDeploymentPostprocessing = 0;
		};
/* End PBXSourcesBuildPhase section */

/* Begin XCBuildConfiguration section */
		EB2049C62A299551006F816C /* Debug */ = {
			isa = XCBuildConfiguration;
			buildSettings = {
				ALWAYS_SEARCH_USER_PATHS = NO;
				CLANG_ANALYZER_NONNULL = YES;
				CLANG_ANALYZER_NUMBER_OBJECT_CONVERSION = YES_AGGRESSIVE;
				CLANG_CXX_LANGUAGE_STANDARD = "gnu++20";
				CLANG_ENABLE_MODULES = YES;
				CLANG_ENABLE_OBJC_ARC = YES;
				CLANG_ENABLE_OBJC_WEAK = YES;
				CLANG_WARN_BLOCK_CAPTURE_AUTORELEASING = YES;
				CLANG_WARN_BOOL_CONVERSION = YES;
				CLANG_WARN_COMMA = YES;
				CLANG_WARN_CONSTANT_CONVERSION = YES;
				CLANG_WARN_DEPRECATED_OBJC_IMPLEMENTATIONS = YES;
				CLANG_WARN_DIRECT_OBJC_ISA_USAGE = YES_ERROR;
				CLANG_WARN_DOCUMENTATION_COMMENTS = YES;
				CLANG_WARN_EMPTY_BODY = YES;
				CLANG_WARN_ENUM_CONVERSION = YES;
				CLANG_WARN_INFINITE_RECURSION = YES;
				CLANG_WARN_INT_CONVERSION = YES;
				CLANG_WARN_NON_LITERAL_NULL_CONVERSION = YES;
				CLANG_WARN_OBJC_IMPLICIT_RETAIN_SELF = YES;
				CLANG_WARN_OBJC_LITERAL_CONVERSION = YES;
				CLANG_WARN_OBJC_ROOT_CLASS = YES_ERROR;
				CLANG_WARN_QUOTED_INCLUDE_IN_FRAMEWORK_HEADER = YES;
				CLANG_WARN_RANGE_LOOP_ANALYSIS = YES;
				CLANG_WARN_STRICT_PROTOTYPES = YES;
				CLANG_WARN_SUSPICIOUS_MOVE = YES;
				CLANG_WARN_UNGUARDED_AVAILABILITY = YES_AGGRESSIVE;
				CLANG_WARN_UNREACHABLE_CODE = YES;
				CLANG_WARN__DUPLICATE_METHOD_MATCH = YES;
				COPY_PHASE_STRIP = NO;
				DEBUG_INFORMATION_FORMAT = dwarf;
				ENABLE_STRICT_OBJC_MSGSEND = YES;
				ENABLE_TESTABILITY = YES;
				GCC_C_LANGUAGE_STANDARD = gnu11;
				GCC_DYNAMIC_NO_PIC = NO;
				GCC_NO_COMMON_BLOCKS = YES;
				GCC_OPTIMIZATION_LEVEL = 0;
				GCC_PREPROCESSOR_DEFINITIONS = (
					"DEBUG=1",
					"$(inherited)",
				);
				GCC_WARN_64_TO_32_BIT_CONVERSION = YES;
				GCC_WARN_ABOUT_RETURN_TYPE = YES_ERROR;
				GCC_WARN_UNDECLARED_SELECTOR = YES;
				GCC_WARN_UNINITIALIZED_AUTOS = YES_AGGRESSIVE;
				GCC_WARN_UNUSED_FUNCTION = YES;
				GCC_WARN_UNUSED_VARIABLE = YES;
				IPHONEOS_DEPLOYMENT_TARGET = 16.4;
				MTL_ENABLE_DEBUG_INFO = INCLUDE_SOURCE;
				MTL_FAST_MATH = YES;
				ONLY_ACTIVE_ARCH = YES;
				SDKROOT = iphoneos;
				SWIFT_ACTIVE_COMPILATION_CONDITIONS = DEBUG;
				SWIFT_OPTIMIZATION_LEVEL = "-Onone";
			};
			name = Debug;
		};
		EB2049C72A299551006F816C /* Release */ = {
			isa = XCBuildConfiguration;
			buildSettings = {
				ALWAYS_SEARCH_USER_PATHS = NO;
				CLANG_ANALYZER_NONNULL = YES;
				CLANG_ANALYZER_NUMBER_OBJECT_CONVERSION = YES_AGGRESSIVE;
				CLANG_CXX_LANGUAGE_STANDARD = "gnu++20";
				CLANG_ENABLE_MODULES = YES;
				CLANG_ENABLE_OBJC_ARC = YES;
				CLANG_ENABLE_OBJC_WEAK = YES;
				CLANG_WARN_BLOCK_CAPTURE_AUTORELEASING = YES;
				CLANG_WARN_BOOL_CONVERSION = YES;
				CLANG_WARN_COMMA = YES;
				CLANG_WARN_CONSTANT_CONVERSION = YES;
				CLANG_WARN_DEPRECATED_OBJC_IMPLEMENTATIONS = YES;
				CLANG_WARN_DIRECT_OBJC_ISA_USAGE = YES_ERROR;
				CLANG_WARN_DOCUMENTATION_COMMENTS = YES;
				CLANG_WARN_EMPTY_BODY = YES;
				CLANG_WARN_ENUM_CONVERSION = YES;
				CLANG_WARN_INFINITE_RECURSION = YES;
				CLANG_WARN_INT_CONVERSION = YES;
				CLANG_WARN_NON_LITERAL_NULL_CONVERSION = YES;
				CLANG_WARN_OBJC_IMPLICIT_RETAIN_SELF = YES;
				CLANG_WARN_OBJC_LITERAL_CONVERSION = YES;
				CLANG_WARN_OBJC_ROOT_CLASS = YES_ERROR;
				CLANG_WARN_QUOTED_INCLUDE_IN_FRAMEWORK_HEADER = YES;
				CLANG_WARN_RANGE_LOOP_ANALYSIS = YES;
				CLANG_WARN_STRICT_PROTOTYPES = YES;
				CLANG_WARN_SUSPICIOUS_MOVE = YES;
				CLANG_WARN_UNGUARDED_AVAILABILITY = YES_AGGRESSIVE;
				CLANG_WARN_UNREACHABLE_CODE = YES;
				CLANG_WARN__DUPLICATE_METHOD_MATCH = YES;
				COPY_PHASE_STRIP = NO;
				DEBUG_INFORMATION_FORMAT = "dwarf-with-dsym";
				ENABLE_NS_ASSERTIONS = NO;
				ENABLE_STRICT_OBJC_MSGSEND = YES;
				GCC_C_LANGUAGE_STANDARD = gnu11;
				GCC_NO_COMMON_BLOCKS = YES;
				GCC_WARN_64_TO_32_BIT_CONVERSION = YES;
				GCC_WARN_ABOUT_RETURN_TYPE = YES_ERROR;
				GCC_WARN_UNDECLARED_SELECTOR = YES;
				GCC_WARN_UNINITIALIZED_AUTOS = YES_AGGRESSIVE;
				GCC_WARN_UNUSED_FUNCTION = YES;
				GCC_WARN_UNUSED_VARIABLE = YES;
				IPHONEOS_DEPLOYMENT_TARGET = 16.4;
				MTL_ENABLE_DEBUG_INFO = NO;
				MTL_FAST_MATH = YES;
				SDKROOT = iphoneos;
				SWIFT_COMPILATION_MODE = wholemodule;
				SWIFT_OPTIMIZATION_LEVEL = "-O";
				VALIDATE_PRODUCT = YES;
			};
			name = Release;
		};
		EB2049C92A299551006F816C /* Debug */ = {
			isa = XCBuildConfiguration;
			buildSettings = {
				ASSETCATALOG_COMPILER_APPICON_NAME = AppIcon;
				ASSETCATALOG_COMPILER_GLOBAL_ACCENT_COLOR_NAME = AccentColor;
				CODE_SIGN_STYLE = Automatic;
				CURRENT_PROJECT_VERSION = 1;
				DEVELOPMENT_ASSET_PATHS = "\"BrainMath/Preview Content\"";
				DEVELOPMENT_TEAM = THQHXZM7R8;
				ENABLE_PREVIEWS = YES;
				GENERATE_INFOPLIST_FILE = YES;
				INFOPLIST_KEY_UIApplicationSceneManifest_Generation = YES;
				INFOPLIST_KEY_UIApplicationSupportsIndirectInputEvents = YES;
				INFOPLIST_KEY_UILaunchScreen_Generation = YES;
				INFOPLIST_KEY_UISupportedInterfaceOrientations = UIInterfaceOrientationPortrait;
				IPHONEOS_DEPLOYMENT_TARGET = 16.0;
				LD_RUNPATH_SEARCH_PATHS = (
					"$(inherited)",
					"@executable_path/Frameworks",
				);
				MARKETING_VERSION = 1.0;
				PRODUCT_BUNDLE_IDENTIFIER = com.gratifystudio.BrainMath;
				PRODUCT_NAME = "$(TARGET_NAME)";
				SWIFT_EMIT_LOC_STRINGS = YES;
				SWIFT_VERSION = 5.0;
				TARGETED_DEVICE_FAMILY = "1,2";
			};
			name = Debug;
		};
		EB2049CA2A299551006F816C /* Release */ = {
			isa = XCBuildConfiguration;
			buildSettings = {
				ASSETCATALOG_COMPILER_APPICON_NAME = AppIcon;
				ASSETCATALOG_COMPILER_GLOBAL_ACCENT_COLOR_NAME = AccentColor;
				CODE_SIGN_STYLE = Automatic;
				CURRENT_PROJECT_VERSION = 1;
				DEVELOPMENT_ASSET_PATHS = "\"BrainMath/Preview Content\"";
				DEVELOPMENT_TEAM = THQHXZM7R8;
				ENABLE_PREVIEWS = YES;
				GENERATE_INFOPLIST_FILE = YES;
				INFOPLIST_KEY_UIApplicationSceneManifest_Generation = YES;
				INFOPLIST_KEY_UIApplicationSupportsIndirectInputEvents = YES;
				INFOPLIST_KEY_UILaunchScreen_Generation = YES;
				INFOPLIST_KEY_UISupportedInterfaceOrientations = UIInterfaceOrientationPortrait;
				IPHONEOS_DEPLOYMENT_TARGET = 16.0;
				LD_RUNPATH_SEARCH_PATHS = (
					"$(inherited)",
					"@executable_path/Frameworks",
				);
				MARKETING_VERSION = 1.0;
				PRODUCT_BUNDLE_IDENTIFIER = com.gratifystudio.BrainMath;
				PRODUCT_NAME = "$(TARGET_NAME)";
				SWIFT_EMIT_LOC_STRINGS = YES;
				SWIFT_VERSION = 5.0;
				TARGETED_DEVICE_FAMILY = "1,2";
			};
			name = Release;
		};
/* End XCBuildConfiguration section */

/* Begin XCConfigurationList section */
		EB2049B52A29954F006F816C /* Build configuration list for PBXProject "BrainMath" */ = {
			isa = XCConfigurationList;
			buildConfigurations = (
				EB2049C62A299551006F816C /* Debug */,
				EB2049C72A299551006F816C /* Release */,
			);
			defaultConfigurationIsVisible = 0;
			defaultConfigurationName = Release;
		};
		EB2049C82A299551006F816C /* Build configuration list for PBXNativeTarget "BrainMath" */ = {
			isa = XCConfigurationList;
			buildConfigurations = (
				EB2049C92A299551006F816C /* Debug */,
				EB2049CA2A299551006F816C /* Release */,
			);
			defaultConfigurationIsVisible = 0;
			defaultConfigurationName = Release;
		};
/* End XCConfigurationList section */
	};
	rootObject = EB2049B22A29954F006F816C /* Project object */;
}
